
Microsoft Visual Studio Solution File, Format Version 12.00
# Visual Studio Version 17
VisualStudioVersion = 17.8.34309.116
MinimumVisualStudioVersion = 10.0.40219.1
Project("{FAE04EC0-301F-11D3-BF4B-00C04F79EFBC}") = "AuthentiSharp", "AuthentiSharp.csproj", "{98BD1742-9D40-4A4C-9156-AFD28307269D}"
EndProject
Global
	GlobalSection(SolutionConfigurationPlatforms) = preSolution
		Debug|Any CPU = Debug|Any CPU
		Release|Any CPU = Release|Any CPU
	EndGlobalSection
	GlobalSection(ProjectConfigurationPlatforms) = postSolution
		{98BD1742-9D40-4A4C-9156-AFD28307269D}.Debug|Any CPU.ActiveCfg = Debug|Any CPU
		{98BD1742-9D40-4A4C-9156-AFD28307269D}.Debug|Any CPU.Build.0 = Debug|Any CPU
		{98BD1742-9D40-4A4C-9156-AFD28307269D}.Release|Any CPU.ActiveCfg = Release|Any CPU
		{98BD1742-9D40-4A4C-9156-AFD28307269D}.Release|Any CPU.Build.0 = Release|Any CPU
	EndGlobalSection
	GlobalSection(SolutionProperties) = preSolution
		HideSolutionNode = FALSE
	EndGlobalSection
	GlobalSection(ExtensibilityGlobals) = postSolution
		SolutionGuid = {417DFEC7-9F1B-483F-B770-C3585306DE41}
	EndGlobalSection
EndGlobal
